
Microsoft Visual Studio Solution File, Format Version 12.00
Project("{2150E333-8FDC-42A3-9474-1A3956D46DE8}") = "src", "src", "{0C358DF6-D7FB-474A-A5FC-5A296367DBE5}"
EndProject
Project("{2150E333-8FDC-42A3-9474-1A3956D46DE8}") = "Solution Items", "Solution Items", "{D2C16C76-E52D-4BD1-BAFE-24415661D4FE}"
	ProjectSection(SolutionItems) = preProject
		Solution Items\ServiceUrls.txt = Solution Items\ServiceUrls.txt
	EndProjectSection
EndProject
Project("{2150E333-8FDC-42A3-9474-1A3956D46DE8}") = "ApiGateways", "ApiGateways", "{BA9512B7-0F87-497F-A098-18918705A635}"
EndProject
Project("{2150E333-8FDC-42A3-9474-1A3956D46DE8}") = "BuildingBlocks", "BuildingBlocks", "{A8A249A3-D12A-4967-BB5B-B4D7C77C0A41}"
EndProject
Project("{2150E333-8FDC-42A3-9474-1A3956D46DE8}") = "Sercices", "Sercices", "{571433BE-E4CC-47CD-A61C-C1BAE1F5BFDA}"
EndProject
Project("{2150E333-8FDC-42A3-9474-1A3956D46DE8}") = "Clients", "Clients", "{3647982E-D032-4219-A1BF-E77DDBE17672}"
EndProject
Project("{2150E333-8FDC-42A3-9474-1A3956D46DE8}") = "Web.ApiGateway", "Web.ApiGateway", "{4DDB29DB-77C2-403A-8AB7-3CB2C7B923D4}"
EndProject
Project("{FAE04EC0-301F-11D3-BF4B-00C04F79EFBC}") = "Web.ApiGateway", "src\ApiGateways\Web.ApiGateway\Web.ApiGateway\Web.ApiGateway.csproj", "{05C60CFA-8A84-4442-8BB0-0A072C9331E6}"
EndProject
Project("{2150E333-8FDC-42A3-9474-1A3956D46DE8}") = "EventBus", "EventBus", "{2A6C7C74-B54C-4957-970D-D27D28F4615B}"
EndProject
Project("{FAE04EC0-301F-11D3-BF4B-00C04F79EFBC}") = "EventBusFactory", "src\BuildingBlocks\EventBus\EventBusFactory\EventBusFactory.csproj", "{BD55E9CD-2271-4B01-BFC1-40C873B44C4E}"
EndProject
Project("{FAE04EC0-301F-11D3-BF4B-00C04F79EFBC}") = "EventBus.AzureServiceBus", "src\BuildingBlocks\EventBus\EventBus.AzureServiceBus\EventBus.AzureServiceBus.csproj", "{4C1FAFDD-DA00-4BDB-B95F-E01C5753D1B7}"
EndProject
Project("{FAE04EC0-301F-11D3-BF4B-00C04F79EFBC}") = "EventBus.RabbitMQ", "src\BuildingBlocks\EventBus\EventBus.RabbitMQ\EventBus.RabbitMQ.csproj", "{5EE03AA1-5F87-4BEA-9326-CDD76B601C2E}"
EndProject
Project("{2150E333-8FDC-42A3-9474-1A3956D46DE8}") = "BlazorWebApp", "BlazorWebApp", "{98375CDE-87D7-4A1C-A085-5BCB7538E50B}"
EndProject
Project("{FAE04EC0-301F-11D3-BF4B-00C04F79EFBC}") = "WebApp", "src\Clients\BlazorWebApp\WebApp\WebApp.csproj", "{2460CFAB-92D7-4143-B9C3-B4B9F3B9F218}"
EndProject
Project("{2150E333-8FDC-42A3-9474-1A3956D46DE8}") = "BasketService", "BasketService", "{761D5DED-4883-473C-859A-D1D677D64E05}"
EndProject
Project("{FAE04EC0-301F-11D3-BF4B-00C04F79EFBC}") = "BasketService.Api", "src\Services\BasketService\BasketService.Api\BasketService.Api.csproj", "{8D81EE79-3C51-4C40-9005-CC7E23AD7418}"
EndProject
Project("{2150E333-8FDC-42A3-9474-1A3956D46DE8}") = "CatalogService", "CatalogService", "{FFF94EA1-9F64-4578-8ABA-41D5359820D9}"
EndProject
Project("{FAE04EC0-301F-11D3-BF4B-00C04F79EFBC}") = "CatalogService.Api", "src\Services\CatalogService\CatalogService.Api\CatalogService.Api.csproj", "{BF51CC1E-05B4-4BA1-A278-ECF4C3266730}"
EndProject
Project("{2150E333-8FDC-42A3-9474-1A3956D46DE8}") = "IdentityService", "IdentityService", "{AC58D7EC-42C7-4A68-8E8C-B2C5B39601E0}"
EndProject
Project("{FAE04EC0-301F-11D3-BF4B-00C04F79EFBC}") = "IdentityService.Api", "src\Services\IdentityService\IdentityService.Api\IdentityService.Api.csproj", "{1ECDE1AD-C282-4AE4-8DBE-DFF10BF5A29A}"
EndProject
Project("{2150E333-8FDC-42A3-9474-1A3956D46DE8}") = "OrderService", "OrderService", "{BEC72643-A4AC-4A6F-91AF-461EF060E498}"
EndProject
Project("{2150E333-8FDC-42A3-9474-1A3956D46DE8}") = "PaymentService", "PaymentService", "{9CFC3526-38F2-4155-BC3F-7182280C20D9}"
EndProject
Project("{FAE04EC0-301F-11D3-BF4B-00C04F79EFBC}") = "PaymentService.Api", "src\Services\PaymentService\PaymentService.Api\PaymentService.Api.csproj", "{47D06DC9-B18F-4EA4-BE22-B19BBB5CDA4C}"
EndProject
Project("{2150E333-8FDC-42A3-9474-1A3956D46DE8}") = "NotificationService", "NotificationService", "{B21C8E29-FC3E-4BCD-AF5C-5DB441E729BD}"
EndProject
Project("{FAE04EC0-301F-11D3-BF4B-00C04F79EFBC}") = "NotificationService", "src\Services\NotificationService\NotificationService\NotificationService.csproj", "{41DBFC89-02A5-43EF-A657-76D498AD3CC0}"
EndProject
Project("{FAE04EC0-301F-11D3-BF4B-00C04F79EFBC}") = "OrderService.Api", "src\Services\OrderService\OrderService.Api\OrderService.Api.csproj", "{B9ABFF5F-7E8C-4359-A1DA-573E15912DC4}"
EndProject
Project("{FAE04EC0-301F-11D3-BF4B-00C04F79EFBC}") = "OrderService.Application", "src\Services\OrderService\OrderService.Application\OrderService.Application.csproj", "{617BCE09-DB00-4CD3-BAED-FED98F2CA60B}"
EndProject
Project("{FAE04EC0-301F-11D3-BF4B-00C04F79EFBC}") = "OrderService.Domain", "src\Services\OrderService\OrderService.Domain\OrderService.Domain.csproj", "{B5312694-AD1C-4A84-BEC1-59FF33C8556E}"
EndProject
Project("{FAE04EC0-301F-11D3-BF4B-00C04F79EFBC}") = "OrderService.Infrastructure", "src\Services\OrderService\OrderService.Infrastructure\OrderService.Infrastructure.csproj", "{886B56A9-A10B-46C6-8F32-FE1FAEF89D49}"
EndProject
Project("{FAE04EC0-301F-11D3-BF4B-00C04F79EFBC}") = "EventBus.Base", "src\BuildingBlocks\EventBus\EventBus.Base\EventBus.Base.csproj", "{1660B121-C8A7-4679-BC28-0880D7685CAC}"
EndProject
Global
	GlobalSection(SolutionConfigurationPlatforms) = preSolution
		Debug|Any CPU = Debug|Any CPU
		Release|Any CPU = Release|Any CPU
	EndGlobalSection
	GlobalSection(NestedProjects) = preSolution
		{BA9512B7-0F87-497F-A098-18918705A635} = {0C358DF6-D7FB-474A-A5FC-5A296367DBE5}
		{A8A249A3-D12A-4967-BB5B-B4D7C77C0A41} = {0C358DF6-D7FB-474A-A5FC-5A296367DBE5}
		{571433BE-E4CC-47CD-A61C-C1BAE1F5BFDA} = {0C358DF6-D7FB-474A-A5FC-5A296367DBE5}
		{3647982E-D032-4219-A1BF-E77DDBE17672} = {0C358DF6-D7FB-474A-A5FC-5A296367DBE5}
		{4DDB29DB-77C2-403A-8AB7-3CB2C7B923D4} = {BA9512B7-0F87-497F-A098-18918705A635}
		{05C60CFA-8A84-4442-8BB0-0A072C9331E6} = {4DDB29DB-77C2-403A-8AB7-3CB2C7B923D4}
		{2A6C7C74-B54C-4957-970D-D27D28F4615B} = {A8A249A3-D12A-4967-BB5B-B4D7C77C0A41}
		{BD55E9CD-2271-4B01-BFC1-40C873B44C4E} = {2A6C7C74-B54C-4957-970D-D27D28F4615B}
		{4C1FAFDD-DA00-4BDB-B95F-E01C5753D1B7} = {2A6C7C74-B54C-4957-970D-D27D28F4615B}
		{5EE03AA1-5F87-4BEA-9326-CDD76B601C2E} = {2A6C7C74-B54C-4957-970D-D27D28F4615B}
		{98375CDE-87D7-4A1C-A085-5BCB7538E50B} = {3647982E-D032-4219-A1BF-E77DDBE17672}
		{2460CFAB-92D7-4143-B9C3-B4B9F3B9F218} = {98375CDE-87D7-4A1C-A085-5BCB7538E50B}
		{761D5DED-4883-473C-859A-D1D677D64E05} = {571433BE-E4CC-47CD-A61C-C1BAE1F5BFDA}
		{8D81EE79-3C51-4C40-9005-CC7E23AD7418} = {761D5DED-4883-473C-859A-D1D677D64E05}
		{FFF94EA1-9F64-4578-8ABA-41D5359820D9} = {571433BE-E4CC-47CD-A61C-C1BAE1F5BFDA}
		{BF51CC1E-05B4-4BA1-A278-ECF4C3266730} = {FFF94EA1-9F64-4578-8ABA-41D5359820D9}
		{AC58D7EC-42C7-4A68-8E8C-B2C5B39601E0} = {571433BE-E4CC-47CD-A61C-C1BAE1F5BFDA}
		{1ECDE1AD-C282-4AE4-8DBE-DFF10BF5A29A} = {AC58D7EC-42C7-4A68-8E8C-B2C5B39601E0}
		{BEC72643-A4AC-4A6F-91AF-461EF060E498} = {571433BE-E4CC-47CD-A61C-C1BAE1F5BFDA}
		{9CFC3526-38F2-4155-BC3F-7182280C20D9} = {571433BE-E4CC-47CD-A61C-C1BAE1F5BFDA}
		{47D06DC9-B18F-4EA4-BE22-B19BBB5CDA4C} = {9CFC3526-38F2-4155-BC3F-7182280C20D9}
		{B21C8E29-FC3E-4BCD-AF5C-5DB441E729BD} = {571433BE-E4CC-47CD-A61C-C1BAE1F5BFDA}
		{41DBFC89-02A5-43EF-A657-76D498AD3CC0} = {B21C8E29-FC3E-4BCD-AF5C-5DB441E729BD}
		{B9ABFF5F-7E8C-4359-A1DA-573E15912DC4} = {BEC72643-A4AC-4A6F-91AF-461EF060E498}
		{617BCE09-DB00-4CD3-BAED-FED98F2CA60B} = {BEC72643-A4AC-4A6F-91AF-461EF060E498}
		{B5312694-AD1C-4A84-BEC1-59FF33C8556E} = {BEC72643-A4AC-4A6F-91AF-461EF060E498}
		{886B56A9-A10B-46C6-8F32-FE1FAEF89D49} = {BEC72643-A4AC-4A6F-91AF-461EF060E498}
		{1660B121-C8A7-4679-BC28-0880D7685CAC} = {2A6C7C74-B54C-4957-970D-D27D28F4615B}
	EndGlobalSection
	GlobalSection(ProjectConfigurationPlatforms) = postSolution
		{05C60CFA-8A84-4442-8BB0-0A072C9331E6}.Debug|Any CPU.ActiveCfg = Debug|Any CPU
		{05C60CFA-8A84-4442-8BB0-0A072C9331E6}.Debug|Any CPU.Build.0 = Debug|Any CPU
		{05C60CFA-8A84-4442-8BB0-0A072C9331E6}.Release|Any CPU.ActiveCfg = Release|Any CPU
		{05C60CFA-8A84-4442-8BB0-0A072C9331E6}.Release|Any CPU.Build.0 = Release|Any CPU
		{BD55E9CD-2271-4B01-BFC1-40C873B44C4E}.Debug|Any CPU.ActiveCfg = Debug|Any CPU
		{BD55E9CD-2271-4B01-BFC1-40C873B44C4E}.Debug|Any CPU.Build.0 = Debug|Any CPU
		{BD55E9CD-2271-4B01-BFC1-40C873B44C4E}.Release|Any CPU.ActiveCfg = Release|Any CPU
		{BD55E9CD-2271-4B01-BFC1-40C873B44C4E}.Release|Any CPU.Build.0 = Release|Any CPU
		{4C1FAFDD-DA00-4BDB-B95F-E01C5753D1B7}.Debug|Any CPU.ActiveCfg = Debug|Any CPU
		{4C1FAFDD-DA00-4BDB-B95F-E01C5753D1B7}.Debug|Any CPU.Build.0 = Debug|Any CPU
		{4C1FAFDD-DA00-4BDB-B95F-E01C5753D1B7}.Release|Any CPU.ActiveCfg = Release|Any CPU
		{4C1FAFDD-DA00-4BDB-B95F-E01C5753D1B7}.Release|Any CPU.Build.0 = Release|Any CPU
		{5EE03AA1-5F87-4BEA-9326-CDD76B601C2E}.Debug|Any CPU.ActiveCfg = Debug|Any CPU
		{5EE03AA1-5F87-4BEA-9326-CDD76B601C2E}.Debug|Any CPU.Build.0 = Debug|Any CPU
		{5EE03AA1-5F87-4BEA-9326-CDD76B601C2E}.Release|Any CPU.ActiveCfg = Release|Any CPU
		{5EE03AA1-5F87-4BEA-9326-CDD76B601C2E}.Release|Any CPU.Build.0 = Release|Any CPU
		{2460CFAB-92D7-4143-B9C3-B4B9F3B9F218}.Debug|Any CPU.ActiveCfg = Debug|Any CPU
		{2460CFAB-92D7-4143-B9C3-B4B9F3B9F218}.Debug|Any CPU.Build.0 = Debug|Any CPU
		{2460CFAB-92D7-4143-B9C3-B4B9F3B9F218}.Release|Any CPU.ActiveCfg = Release|Any CPU
		{2460CFAB-92D7-4143-B9C3-B4B9F3B9F218}.Release|Any CPU.Build.0 = Release|Any CPU
		{8D81EE79-3C51-4C40-9005-CC7E23AD7418}.Debug|Any CPU.ActiveCfg = Debug|Any CPU
		{8D81EE79-3C51-4C40-9005-CC7E23AD7418}.Debug|Any CPU.Build.0 = Debug|Any CPU
		{8D81EE79-3C51-4C40-9005-CC7E23AD7418}.Release|Any CPU.ActiveCfg = Release|Any CPU
		{8D81EE79-3C51-4C40-9005-CC7E23AD7418}.Release|Any CPU.Build.0 = Release|Any CPU
		{BF51CC1E-05B4-4BA1-A278-ECF4C3266730}.Debug|Any CPU.ActiveCfg = Debug|Any CPU
		{BF51CC1E-05B4-4BA1-A278-ECF4C3266730}.Debug|Any CPU.Build.0 = Debug|Any CPU
		{BF51CC1E-05B4-4BA1-A278-ECF4C3266730}.Release|Any CPU.ActiveCfg = Release|Any CPU
		{BF51CC1E-05B4-4BA1-A278-ECF4C3266730}.Release|Any CPU.Build.0 = Release|Any CPU
		{1ECDE1AD-C282-4AE4-8DBE-DFF10BF5A29A}.Debug|Any CPU.ActiveCfg = Debug|Any CPU
		{1ECDE1AD-C282-4AE4-8DBE-DFF10BF5A29A}.Debug|Any CPU.Build.0 = Debug|Any CPU
		{1ECDE1AD-C282-4AE4-8DBE-DFF10BF5A29A}.Release|Any CPU.ActiveCfg = Release|Any CPU
		{1ECDE1AD-C282-4AE4-8DBE-DFF10BF5A29A}.Release|Any CPU.Build.0 = Release|Any CPU
		{47D06DC9-B18F-4EA4-BE22-B19BBB5CDA4C}.Debug|Any CPU.ActiveCfg = Debug|Any CPU
		{47D06DC9-B18F-4EA4-BE22-B19BBB5CDA4C}.Debug|Any CPU.Build.0 = Debug|Any CPU
		{47D06DC9-B18F-4EA4-BE22-B19BBB5CDA4C}.Release|Any CPU.ActiveCfg = Release|Any CPU
		{47D06DC9-B18F-4EA4-BE22-B19BBB5CDA4C}.Release|Any CPU.Build.0 = Release|Any CPU
		{41DBFC89-02A5-43EF-A657-76D498AD3CC0}.Debug|Any CPU.ActiveCfg = Debug|Any CPU
		{41DBFC89-02A5-43EF-A657-76D498AD3CC0}.Debug|Any CPU.Build.0 = Debug|Any CPU
		{41DBFC89-02A5-43EF-A657-76D498AD3CC0}.Release|Any CPU.ActiveCfg = Release|Any CPU
		{41DBFC89-02A5-43EF-A657-76D498AD3CC0}.Release|Any CPU.Build.0 = Release|Any CPU
		{B9ABFF5F-7E8C-4359-A1DA-573E15912DC4}.Debug|Any CPU.ActiveCfg = Debug|Any CPU
		{B9ABFF5F-7E8C-4359-A1DA-573E15912DC4}.Debug|Any CPU.Build.0 = Debug|Any CPU
		{B9ABFF5F-7E8C-4359-A1DA-573E15912DC4}.Release|Any CPU.ActiveCfg = Release|Any CPU
		{B9ABFF5F-7E8C-4359-A1DA-573E15912DC4}.Release|Any CPU.Build.0 = Release|Any CPU
		{617BCE09-DB00-4CD3-BAED-FED98F2CA60B}.Debug|Any CPU.ActiveCfg = Debug|Any CPU
		{617BCE09-DB00-4CD3-BAED-FED98F2CA60B}.Debug|Any CPU.Build.0 = Debug|Any CPU
		{617BCE09-DB00-4CD3-BAED-FED98F2CA60B}.Release|Any CPU.ActiveCfg = Release|Any CPU
		{617BCE09-DB00-4CD3-BAED-FED98F2CA60B}.Release|Any CPU.Build.0 = Release|Any CPU
		{B5312694-AD1C-4A84-BEC1-59FF33C8556E}.Debug|Any CPU.ActiveCfg = Debug|Any CPU
		{B5312694-AD1C-4A84-BEC1-59FF33C8556E}.Debug|Any CPU.Build.0 = Debug|Any CPU
		{B5312694-AD1C-4A84-BEC1-59FF33C8556E}.Release|Any CPU.ActiveCfg = Release|Any CPU
		{B5312694-AD1C-4A84-BEC1-59FF33C8556E}.Release|Any CPU.Build.0 = Release|Any CPU
		{886B56A9-A10B-46C6-8F32-FE1FAEF89D49}.Debug|Any CPU.ActiveCfg = Debug|Any CPU
		{886B56A9-A10B-46C6-8F32-FE1FAEF89D49}.Debug|Any CPU.Build.0 = Debug|Any CPU
		{886B56A9-A10B-46C6-8F32-FE1FAEF89D49}.Release|Any CPU.ActiveCfg = Release|Any CPU
		{886B56A9-A10B-46C6-8F32-FE1FAEF89D49}.Release|Any CPU.Build.0 = Release|Any CPU
		{1660B121-C8A7-4679-BC28-0880D7685CAC}.Debug|Any CPU.ActiveCfg = Debug|Any CPU
		{1660B121-C8A7-4679-BC28-0880D7685CAC}.Debug|Any CPU.Build.0 = Debug|Any CPU
		{1660B121-C8A7-4679-BC28-0880D7685CAC}.Release|Any CPU.ActiveCfg = Release|Any CPU
		{1660B121-C8A7-4679-BC28-0880D7685CAC}.Release|Any CPU.Build.0 = Release|Any CPU
	EndGlobalSection
EndGlobal
